// !$*UTF8*$!
{
	archiveVersion = 1;
	classes = {
	};
	objectVersion = 50;
	objects = {

/* Begin PBXBuildFile section */
		DE8A3A8F260659AE00E92650 /* EditCards.swift in Sources */ = {isa = PBXBuildFile; fileRef = DE8A3A8E260659AE00E92650 /* EditCards.swift */; };
		DE96F2832604C053006BFEFF /* AboutVibrations.swift in Sources */ = {isa = PBXBuildFile; fileRef = DE96F2822604C053006BFEFF /* AboutVibrations.swift */; };
		DE96F2862604EC9C006BFEFF /* AboutAllowsHitTesting.swift in Sources */ = {isa = PBXBuildFile; fileRef = DE96F2852604EC9C006BFEFF /* AboutAllowsHitTesting.swift */; };
		DE96F2892604EE46006BFEFF /* AboutTriggeringEventsRepeatedlyTimer.swift in Sources */ = {isa = PBXBuildFile; fileRef = DE96F2882604EE46006BFEFF /* AboutTriggeringEventsRepeatedlyTimer.swift */; };
		DE96F28C2604EFB4006BFEFF /* AboutDetectingWhenOnBackground.swift in Sources */ = {isa = PBXBuildFile; fileRef = DE96F28B2604EFB4006BFEFF /* AboutDetectingWhenOnBackground.swift */; };
		DE96F28F2604F0A9006BFEFF /* SupportingSpecificAccessibilityNeeds.swift in Sources */ = {isa = PBXBuildFile; fileRef = DE96F28E2604F0A9006BFEFF /* SupportingSpecificAccessibilityNeeds.swift */; };
		DE96F2922604F3C1006BFEFF /* Card.swift in Sources */ = {isa = PBXBuildFile; fileRef = DE96F2912604F3C1006BFEFF /* Card.swift */; };
		DE96F2952604F5DB006BFEFF /* CardView.swift in Sources */ = {isa = PBXBuildFile; fileRef = DE96F2942604F5DB006BFEFF /* CardView.swift */; };
		DEC5CD842603CA2B00BB6C45 /* FlashzillaApp.swift in Sources */ = {isa = PBXBuildFile; fileRef = DEC5CD832603CA2B00BB6C45 /* FlashzillaApp.swift */; };
		DEC5CD862603CA2B00BB6C45 /* ContentView.swift in Sources */ = {isa = PBXBuildFile; fileRef = DEC5CD852603CA2B00BB6C45 /* ContentView.swift */; };
		DEC5CD882603CA2D00BB6C45 /* Assets.xcassets in Resources */ = {isa = PBXBuildFile; fileRef = DEC5CD872603CA2D00BB6C45 /* Assets.xcassets */; };
		DEC5CD8B2603CA2D00BB6C45 /* Preview Assets.xcassets in Resources */ = {isa = PBXBuildFile; fileRef = DEC5CD8A2603CA2D00BB6C45 /* Preview Assets.xcassets */; };
		DEC5CD952603CA6700BB6C45 /* AboutGestures.swift in Sources */ = {isa = PBXBuildFile; fileRef = DEC5CD942603CA6700BB6C45 /* AboutGestures.swift */; };
		DEC5CD982603DD7200BB6C45 /* GestureSequenceDemo.swift in Sources */ = {isa = PBXBuildFile; fileRef = DEC5CD972603DD7200BB6C45 /* GestureSequenceDemo.swift */; };
/* End PBXBuildFile section */

/* Begin PBXFileReference section */
		DE8A3A8E260659AE00E92650 /* EditCards.swift */ = {isa = PBXFileReference; lastKnownFileType = sourcecode.swift; path = EditCards.swift; sourceTree = "<group>"; };
		DE96F2822604C053006BFEFF /* AboutVibrations.swift */ = {isa = PBXFileReference; lastKnownFileType = sourcecode.swift; path = AboutVibrations.swift; sourceTree = "<group>"; };
		DE96F2852604EC9C006BFEFF /* AboutAllowsHitTesting.swift */ = {isa = PBXFileReference; lastKnownFileType = sourcecode.swift; path = AboutAllowsHitTesting.swift; sourceTree = "<group>"; };
		DE96F2882604EE46006BFEFF /* AboutTriggeringEventsRepeatedlyTimer.swift */ = {isa = PBXFileReference; lastKnownFileType = sourcecode.swift; path = AboutTriggeringEventsRepeatedlyTimer.swift; sourceTree = "<group>"; };
		DE96F28B2604EFB4006BFEFF /* AboutDetectingWhenOnBackground.swift */ = {isa = PBXFileReference; lastKnownFileType = sourcecode.swift; path = AboutDetectingWhenOnBackground.swift; sourceTree = "<group>"; };
		DE96F28E2604F0A9006BFEFF /* SupportingSpecificAccessibilityNeeds.swift */ = {isa = PBXFileReference; lastKnownFileType = sourcecode.swift; path = SupportingSpecificAccessibilityNeeds.swift; sourceTree = "<group>"; };
		DE96F2912604F3C1006BFEFF /* Card.swift */ = {isa = PBXFileReference; lastKnownFileType = sourcecode.swift; path = Card.swift; sourceTree = "<group>"; };
		DE96F2942604F5DB006BFEFF /* CardView.swift */ = {isa = PBXFileReference; lastKnownFileType = sourcecode.swift; path = CardView.swift; sourceTree = "<group>"; };
		DEC5CD802603CA2B00BB6C45 /* Flashzilla.app */ = {isa = PBXFileReference; explicitFileType = wrapper.application; includeInIndex = 0; path = Flashzilla.app; sourceTree = BUILT_PRODUCTS_DIR; };
		DEC5CD832603CA2B00BB6C45 /* FlashzillaApp.swift */ = {isa = PBXFileReference; lastKnownFileType = sourcecode.swift; path = FlashzillaApp.swift; sourceTree = "<group>"; };
		DEC5CD852603CA2B00BB6C45 /* ContentView.swift */ = {isa = PBXFileReference; lastKnownFileType = sourcecode.swift; path = ContentView.swift; sourceTree = "<group>"; };
		DEC5CD872603CA2D00BB6C45 /* Assets.xcassets */ = {isa = PBXFileReference; lastKnownFileType = folder.assetcatalog; path = Assets.xcassets; sourceTree = "<group>"; };
		DEC5CD8A2603CA2D00BB6C45 /* Preview Assets.xcassets */ = {isa = PBXFileReference; lastKnownFileType = folder.assetcatalog; path = "Preview Assets.xcassets"; sourceTree = "<group>"; };
		DEC5CD8C2603CA2D00BB6C45 /* Info.plist */ = {isa = PBXFileReference; lastKnownFileType = text.plist.xml; path = Info.plist; sourceTree = "<group>"; };
		DEC5CD942603CA6700BB6C45 /* AboutGestures.swift */ = {isa = PBXFileReference; lastKnownFileType = sourcecode.swift; path = AboutGestures.swift; sourceTree = "<group>"; };
		DEC5CD972603DD7200BB6C45 /* GestureSequenceDemo.swift */ = {isa = PBXFileReference; lastKnownFileType = sourcecode.swift; path = GestureSequenceDemo.swift; sourceTree = "<group>"; };
/* End PBXFileReference section */

/* Begin PBXFrameworksBuildPhase section */
		DEC5CD7D2603CA2B00BB6C45 /* Frameworks */ = {
			isa = PBXFrameworksBuildPhase;
			buildActionMask = 2147483647;
			files = (
			);
			runOnlyForDeploymentPostprocessing = 0;
		};
/* End PBXFrameworksBuildPhase section */

/* Begin PBXGroup section */
		DE8A3A91260659E000E92650 /* Models */ = {
			isa = PBXGroup;
			children = (
				DE96F2912604F3C1006BFEFF /* Card.swift */,
			);
			path = Models;
			sourceTree = "<group>";
		};
		DE8A3A93260659F100E92650 /* Views */ = {
			isa = PBXGroup;
			children = (
				DEC5CD852603CA2B00BB6C45 /* ContentView.swift */,
				DE96F2942604F5DB006BFEFF /* CardView.swift */,
				DE8A3A8E260659AE00E92650 /* EditCards.swift */,
			);
			path = Views;
			sourceTree = "<group>";
		};
		DEC5CD772603CA2B00BB6C45 = {
			isa = PBXGroup;
			children = (
				DEC5CD822603CA2B00BB6C45 /* Flashzilla */,
				DEC5CD812603CA2B00BB6C45 /* Products */,
			);
			sourceTree = "<group>";
		};
		DEC5CD812603CA2B00BB6C45 /* Products */ = {
			isa = PBXGroup;
			children = (
				DEC5CD802603CA2B00BB6C45 /* Flashzilla.app */,
			);
			name = Products;
			sourceTree = "<group>";
		};
		DEC5CD822603CA2B00BB6C45 /* Flashzilla */ = {
			isa = PBXGroup;
			children = (
				DEC5CD932603CA5400BB6C45 /* Introduction */,
				DEC5CD832603CA2B00BB6C45 /* FlashzillaApp.swift */,
				DE8A3A91260659E000E92650 /* Models */,
				DE8A3A93260659F100E92650 /* Views */,
				DEC5CD872603CA2D00BB6C45 /* Assets.xcassets */,
				DEC5CD8C2603CA2D00BB6C45 /* Info.plist */,
				DEC5CD892603CA2D00BB6C45 /* Preview Content */,
			);
			path = Flashzilla;
			sourceTree = "<group>";
		};
		DEC5CD892603CA2D00BB6C45 /* Preview Content */ = {
			isa = PBXGroup;
			children = (
				DEC5CD8A2603CA2D00BB6C45 /* Preview Assets.xcassets */,
			);
			path = "Preview Content";
			sourceTree = "<group>";
		};
		DEC5CD932603CA5400BB6C45 /* Introduction */ = {
			isa = PBXGroup;
			children = (
				DEC5CD942603CA6700BB6C45 /* AboutGestures.swift */,
				DEC5CD972603DD7200BB6C45 /* GestureSequenceDemo.swift */,
				DE96F2822604C053006BFEFF /* AboutVibrations.swift */,
				DE96F2852604EC9C006BFEFF /* AboutAllowsHitTesting.swift */,
				DE96F2882604EE46006BFEFF /* AboutTriggeringEventsRepeatedlyTimer.swift */,
				DE96F28B2604EFB4006BFEFF /* AboutDetectingWhenOnBackground.swift */,
				DE96F28E2604F0A9006BFEFF /* SupportingSpecificAccessibilityNeeds.swift */,
			);
			path = Introduction;
			sourceTree = "<group>";
		};
/* End PBXGroup section */

/* Begin PBXNativeTarget section */
		DEC5CD7F2603CA2B00BB6C45 /* Flashzilla */ = {
			isa = PBXNativeTarget;
			buildConfigurationList = DEC5CD8F2603CA2D00BB6C45 /* Build configuration list for PBXNativeTarget "Flashzilla" */;
			buildPhases = (
				DEC5CD7C2603CA2B00BB6C45 /* Sources */,
				DEC5CD7D2603CA2B00BB6C45 /* Frameworks */,
				DEC5CD7E2603CA2B00BB6C45 /* Resources */,
			);
			buildRules = (
			);
			dependencies = (
			);
			name = Flashzilla;
			productName = Flashzilla;
			productReference = DEC5CD802603CA2B00BB6C45 /* Flashzilla.app */;
			productType = "com.apple.product-type.application";
		};
/* End PBXNativeTarget section */

/* Begin PBXProject section */
		DEC5CD782603CA2B00BB6C45 /* Project object */ = {
			isa = PBXProject;
			attributes = {
				LastSwiftUpdateCheck = 1240;
				LastUpgradeCheck = 1240;
				TargetAttributes = {
					DEC5CD7F2603CA2B00BB6C45 = {
						CreatedOnToolsVersion = 12.4;
					};
				};
			};
			buildConfigurationList = DEC5CD7B2603CA2B00BB6C45 /* Build configuration list for PBXProject "Flashzilla" */;
			compatibilityVersion = "Xcode 9.3";
			developmentRegion = en;
			hasScannedForEncodings = 0;
			knownRegions = (
				en,
				Base,
			);
			mainGroup = DEC5CD772603CA2B00BB6C45;
			productRefGroup = DEC5CD812603CA2B00BB6C45 /* Products */;
			projectDirPath = "";
			projectRoot = "";
			targets = (
				DEC5CD7F2603CA2B00BB6C45 /* Flashzilla */,
			);
		};
/* End PBXProject section */

/* Begin PBXResourcesBuildPhase section */
		DEC5CD7E2603CA2B00BB6C45 /* Resources */ = {
			isa = PBXResourcesBuildPhase;
			buildActionMask = 2147483647;
			files = (
				DEC5CD8B2603CA2D00BB6C45 /* Preview Assets.xcassets in Resources */,
				DEC5CD882603CA2D00BB6C45 /* Assets.xcassets in Resources */,
			);
			runOnlyForDeploymentPostprocessing = 0;
		};
/* End PBXResourcesBuildPhase section */

/* Begin PBXSourcesBuildPhase section */
		DEC5CD7C2603CA2B00BB6C45 /* Sources */ = {
			isa = PBXSourcesBuildPhase;
			buildActionMask = 2147483647;
			files = (
				DE96F28C2604EFB4006BFEFF /* AboutDetectingWhenOnBackground.swift in Sources */,
				DE96F2892604EE46006BFEFF /* AboutTriggeringEventsRepeatedlyTimer.swift in Sources */,
				DE96F28F2604F0A9006BFEFF /* SupportingSpecificAccessibilityNeeds.swift in Sources */,
				DE96F2832604C053006BFEFF /* AboutVibrations.swift in Sources */,
				DEC5CD862603CA2B00BB6C45 /* ContentView.swift in Sources */,
				DE96F2862604EC9C006BFEFF /* AboutAllowsHitTesting.swift in Sources */,
				DEC5CD982603DD7200BB6C45 /* GestureSequenceDemo.swift in Sources */,
				DE96F2922604F3C1006BFEFF /* Card.swift in Sources */,
				DEC5CD952603CA6700BB6C45 /* AboutGestures.swift in Sources */,
				DE8A3A8F260659AE00E92650 /* EditCards.swift in Sources */,
				DE96F2952604F5DB006BFEFF /* CardView.swift in Sources */,
				DEC5CD842603CA2B00BB6C45 /* FlashzillaApp.swift in Sources */,
			);
			runOnlyForDeploymentPostprocessing = 0;
		};
/* End PBXSourcesBuildPhase section */

/* Begin XCBuildConfiguration section */
		DEC5CD8D2603CA2D00BB6C45 /* Debug */ = {
			isa = XCBuildConfiguration;
			buildSettings = {
				ALWAYS_SEARCH_USER_PATHS = NO;
				CLANG_ANALYZER_NONNULL = YES;
				CLANG_ANALYZER_NUMBER_OBJECT_CONVERSION = YES_AGGRESSIVE;
				CLANG_CXX_LANGUAGE_STANDARD = "gnu++14";
				CLANG_CXX_LIBRARY = "libc++";
				CLANG_ENABLE_MODULES = YES;
				CLANG_ENABLE_OBJC_ARC = YES;
				CLANG_ENABLE_OBJC_WEAK = YES;
				CLANG_WARN_BLOCK_CAPTURE_AUTORELEASING = YES;
				CLANG_WARN_BOOL_CONVERSION = YES;
				CLANG_WARN_COMMA = YES;
				CLANG_WARN_CONSTANT_CONVERSION = YES;
				CLANG_WARN_DEPRECATED_OBJC_IMPLEMENTATIONS = YES;
				CLANG_WARN_DIRECT_OBJC_ISA_USAGE = YES_ERROR;
				CLANG_WARN_DOCUMENTATION_COMMENTS = YES;
				CLANG_WARN_EMPTY_BODY = YES;
				CLANG_WARN_ENUM_CONVERSION = YES;
				CLANG_WARN_INFINITE_RECURSION = YES;
				CLANG_WARN_INT_CONVERSION = YES;
				CLANG_WARN_NON_LITERAL_NULL_CONVERSION = YES;
				CLANG_WARN_OBJC_IMPLICIT_RETAIN_SELF = YES;
				CLANG_WARN_OBJC_LITERAL_CONVERSION = YES;
				CLANG_WARN_OBJC_ROOT_CLASS = YES_ERROR;
				CLANG_WARN_QUOTED_INCLUDE_IN_FRAMEWORK_HEADER = YES;
				CLANG_WARN_RANGE_LOOP_ANALYSIS = YES;
				CLANG_WARN_STRICT_PROTOTYPES = YES;
				CLANG_WARN_SUSPICIOUS_MOVE = YES;
				CLANG_WARN_UNGUARDED_AVAILABILITY = YES_AGGRESSIVE;
				CLANG_WARN_UNREACHABLE_CODE = YES;
				CLANG_WARN__DUPLICATE_METHOD_MATCH = YES;
				COPY_PHASE_STRIP = NO;
				DEBUG_INFORMATION_FORMAT = dwarf;
				ENABLE_STRICT_OBJC_MSGSEND = YES;
				ENABLE_TESTABILITY = YES;
				GCC_C_LANGUAGE_STANDARD = gnu11;
				GCC_DYNAMIC_NO_PIC = NO;
				GCC_NO_COMMON_BLOCKS = YES;
				GCC_OPTIMIZATION_LEVEL = 0;
				GCC_PREPROCESSOR_DEFINITIONS = (
					"DEBUG=1",
					"$(inherited)",
				);
				GCC_WARN_64_TO_32_BIT_CONVERSION = YES;
				GCC_WARN_ABOUT_RETURN_TYPE = YES_ERROR;
				GCC_WARN_UNDECLARED_SELECTOR = YES;
				GCC_WARN_UNINITIALIZED_AUTOS = YES_AGGRESSIVE;
				GCC_WARN_UNUSED_FUNCTION = YES;
				GCC_WARN_UNUSED_VARIABLE = YES;
				IPHONEOS_DEPLOYMENT_TARGET = 14.4;
				MTL_ENABLE_DEBUG_INFO = INCLUDE_SOURCE;
				MTL_FAST_MATH = YES;
				ONLY_ACTIVE_ARCH = YES;
				SDKROOT = iphoneos;
				SWIFT_ACTIVE_COMPILATION_CONDITIONS = DEBUG;
				SWIFT_OPTIMIZATION_LEVEL = "-Onone";
			};
			name = Debug;
		};
		DEC5CD8E2603CA2D00BB6C45 /* Release */ = {
			isa = XCBuildConfiguration;
			buildSettings = {
				ALWAYS_SEARCH_USER_PATHS = NO;
				CLANG_ANALYZER_NONNULL = YES;
				CLANG_ANALYZER_NUMBER_OBJECT_CONVERSION = YES_AGGRESSIVE;
				CLANG_CXX_LANGUAGE_STANDARD = "gnu++14";
				CLANG_CXX_LIBRARY = "libc++";
				CLANG_ENABLE_MODULES = YES;
				CLANG_ENABLE_OBJC_ARC = YES;
				CLANG_ENABLE_OBJC_WEAK = YES;
				CLANG_WARN_BLOCK_CAPTURE_AUTORELEASING = YES;
				CLANG_WARN_BOOL_CONVERSION = YES;
				CLANG_WARN_COMMA = YES;
				CLANG_WARN_CONSTANT_CONVERSION = YES;
				CLANG_WARN_DEPRECATED_OBJC_IMPLEMENTATIONS = YES;
				CLANG_WARN_DIRECT_OBJC_ISA_USAGE = YES_ERROR;
				CLANG_WARN_DOCUMENTATION_COMMENTS = YES;
				CLANG_WARN_EMPTY_BODY = YES;
				CLANG_WARN_ENUM_CONVERSION = YES;
				CLANG_WARN_INFINITE_RECURSION = YES;
				CLANG_WARN_INT_CONVERSION = YES;
				CLANG_WARN_NON_LITERAL_NULL_CONVERSION = YES;
				CLANG_WARN_OBJC_IMPLICIT_RETAIN_SELF = YES;
				CLANG_WARN_OBJC_LITERAL_CONVERSION = YES;
				CLANG_WARN_OBJC_ROOT_CLASS = YES_ERROR;
				CLANG_WARN_QUOTED_INCLUDE_IN_FRAMEWORK_HEADER = YES;
				CLANG_WARN_RANGE_LOOP_ANALYSIS = YES;
				CLANG_WARN_STRICT_PROTOTYPES = YES;
				CLANG_WARN_SUSPICIOUS_MOVE = YES;
				CLANG_WARN_UNGUARDED_AVAILABILITY = YES_AGGRESSIVE;
				CLANG_WARN_UNREACHABLE_CODE = YES;
				CLANG_WARN__DUPLICATE_METHOD_MATCH = YES;
				COPY_PHASE_STRIP = NO;
				DEBUG_INFORMATION_FORMAT = "dwarf-with-dsym";
				ENABLE_NS_ASSERTIONS = NO;
				ENABLE_STRICT_OBJC_MSGSEND = YES;
				GCC_C_LANGUAGE_STANDARD = gnu11;
				GCC_NO_COMMON_BLOCKS = YES;
				GCC_WARN_64_TO_32_BIT_CONVERSION = YES;
				GCC_WARN_ABOUT_RETURN_TYPE = YES_ERROR;
				GCC_WARN_UNDECLARED_SELECTOR = YES;
				GCC_WARN_UNINITIALIZED_AUTOS = YES_AGGRESSIVE;
				GCC_WARN_UNUSED_FUNCTION = YES;
				GCC_WARN_UNUSED_VARIABLE = YES;
				IPHONEOS_DEPLOYMENT_TARGET = 14.4;
				MTL_ENABLE_DEBUG_INFO = NO;
				MTL_FAST_MATH = YES;
				SDKROOT = iphoneos;
				SWIFT_COMPILATION_MODE = wholemodule;
				SWIFT_OPTIMIZATION_LEVEL = "-O";
				VALIDATE_PRODUCT = YES;
			};
			name = Release;
		};
		DEC5CD902603CA2D00BB6C45 /* Debug */ = {
			isa = XCBuildConfiguration;
			buildSettings = {
				ASSETCATALOG_COMPILER_APPICON_NAME = AppIcon;
				ASSETCATALOG_COMPILER_GLOBAL_ACCENT_COLOR_NAME = AccentColor;
				CODE_SIGN_STYLE = Automatic;
				DEVELOPMENT_ASSET_PATHS = "\"Flashzilla/Preview Content\"";
				DEVELOPMENT_TEAM = 8Q989F6ZS5;
				ENABLE_PREVIEWS = YES;
				INFOPLIST_FILE = Flashzilla/Info.plist;
				IPHONEOS_DEPLOYMENT_TARGET = 14.0;
				LD_RUNPATH_SEARCH_PATHS = (
					"$(inherited)",
					"@executable_path/Frameworks",
				);
				PRODUCT_BUNDLE_IDENTIFIER = com.anthyou.Flashzilla;
				PRODUCT_NAME = "$(TARGET_NAME)";
				SWIFT_VERSION = 5.0;
				TARGETED_DEVICE_FAMILY = "1,2";
			};
			name = Debug;
		};
		DEC5CD912603CA2D00BB6C45 /* Release */ = {
			isa = XCBuildConfiguration;
			buildSettings = {
				ASSETCATALOG_COMPILER_APPICON_NAME = AppIcon;
				ASSETCATALOG_COMPILER_GLOBAL_ACCENT_COLOR_NAME = AccentColor;
				CODE_SIGN_STYLE = Automatic;
				DEVELOPMENT_ASSET_PATHS = "\"Flashzilla/Preview Content\"";
				DEVELOPMENT_TEAM = 8Q989F6ZS5;
				ENABLE_PREVIEWS = YES;
				INFOPLIST_FILE = Flashzilla/Info.plist;
				IPHONEOS_DEPLOYMENT_TARGET = 14.0;
				LD_RUNPATH_SEARCH_PATHS = (
					"$(inherited)",
					"@executable_path/Frameworks",
				);
				PRODUCT_BUNDLE_IDENTIFIER = com.anthyou.Flashzilla;
				PRODUCT_NAME = "$(TARGET_NAME)";
				SWIFT_VERSION = 5.0;
				TARGETED_DEVICE_FAMILY = "1,2";
			};
			name = Release;
		};
/* End XCBuildConfiguration section */

/* Begin XCConfigurationList section */
		DEC5CD7B2603CA2B00BB6C45 /* Build configuration list for PBXProject "Flashzilla" */ = {
			isa = XCConfigurationList;
			buildConfigurations = (
				DEC5CD8D2603CA2D00BB6C45 /* Debug */,
				DEC5CD8E2603CA2D00BB6C45 /* Release */,
			);
			defaultConfigurationIsVisible = 0;
			defaultConfigurationName = Release;
		};
		DEC5CD8F2603CA2D00BB6C45 /* Build configuration list for PBXNativeTarget "Flashzilla" */ = {
			isa = XCConfigurationList;
			buildConfigurations = (
				DEC5CD902603CA2D00BB6C45 /* Debug */,
				DEC5CD912603CA2D00BB6C45 /* Release */,
			);
			defaultConfigurationIsVisible = 0;
			defaultConfigurationName = Release;
		};
/* End XCConfigurationList section */
	};
	rootObject = DEC5CD782603CA2B00BB6C45 /* Project object */;
}
