// !$*UTF8*$!
{
	archiveVersion = 1;
	classes = {
	};
	objectVersion = 50;
	objects = {

/* Begin PBXBuildFile section */
		DEDF8D88260A461200DCB03B /* LayoutAndGeometryApp.swift in Sources */ = {isa = PBXBuildFile; fileRef = DEDF8D87260A461200DCB03B /* LayoutAndGeometryApp.swift */; };
		DEDF8D8A260A461200DCB03B /* ContentView.swift in Sources */ = {isa = PBXBuildFile; fileRef = DEDF8D89260A461200DCB03B /* ContentView.swift */; };
		DEDF8D8C260A461500DCB03B /* Assets.xcassets in Resources */ = {isa = PBXBuildFile; fileRef = DEDF8D8B260A461500DCB03B /* Assets.xcassets */; };
		DEDF8D8F260A461500DCB03B /* Preview Assets.xcassets in Resources */ = {isa = PBXBuildFile; fileRef = DEDF8D8E260A461500DCB03B /* Preview Assets.xcassets */; };
/* End PBXBuildFile section */

/* Begin PBXFileReference section */
		DEDF8D84260A461200DCB03B /* LayoutAndGeometry.app */ = {isa = PBXFileReference; explicitFileType = wrapper.application; includeInIndex = 0; path = LayoutAndGeometry.app; sourceTree = BUILT_PRODUCTS_DIR; };
		DEDF8D87260A461200DCB03B /* LayoutAndGeometryApp.swift */ = {isa = PBXFileReference; lastKnownFileType = sourcecode.swift; path = LayoutAndGeometryApp.swift; sourceTree = "<group>"; };
		DEDF8D89260A461200DCB03B /* ContentView.swift */ = {isa = PBXFileReference; lastKnownFileType = sourcecode.swift; path = ContentView.swift; sourceTree = "<group>"; };
		DEDF8D8B260A461500DCB03B /* Assets.xcassets */ = {isa = PBXFileReference; lastKnownFileType = folder.assetcatalog; path = Assets.xcassets; sourceTree = "<group>"; };
		DEDF8D8E260A461500DCB03B /* Preview Assets.xcassets */ = {isa = PBXFileReference; lastKnownFileType = folder.assetcatalog; path = "Preview Assets.xcassets"; sourceTree = "<group>"; };
		DEDF8D90260A461500DCB03B /* Info.plist */ = {isa = PBXFileReference; lastKnownFileType = text.plist.xml; path = Info.plist; sourceTree = "<group>"; };
/* End PBXFileReference section */

/* Begin PBXFrameworksBuildPhase section */
		DEDF8D81260A461200DCB03B /* Frameworks */ = {
			isa = PBXFrameworksBuildPhase;
			buildActionMask = 2147483647;
			files = (
			);
			runOnlyForDeploymentPostprocessing = 0;
		};
/* End PBXFrameworksBuildPhase section */

/* Begin PBXGroup section */
		DEDF8D7B260A461200DCB03B = {
			isa = PBXGroup;
			children = (
				DEDF8D86260A461200DCB03B /* LayoutAndGeometry */,
				DEDF8D85260A461200DCB03B /* Products */,
			);
			sourceTree = "<group>";
		};
		DEDF8D85260A461200DCB03B /* Products */ = {
			isa = PBXGroup;
			children = (
				DEDF8D84260A461200DCB03B /* LayoutAndGeometry.app */,
			);
			name = Products;
			sourceTree = "<group>";
		};
		DEDF8D86260A461200DCB03B /* LayoutAndGeometry */ = {
			isa = PBXGroup;
			children = (
				DEDF8D87260A461200DCB03B /* LayoutAndGeometryApp.swift */,
				DEDF8D89260A461200DCB03B /* ContentView.swift */,
				DEDF8D8B260A461500DCB03B /* Assets.xcassets */,
				DEDF8D90260A461500DCB03B /* Info.plist */,
				DEDF8D8D260A461500DCB03B /* Preview Content */,
			);
			path = LayoutAndGeometry;
			sourceTree = "<group>";
		};
		DEDF8D8D260A461500DCB03B /* Preview Content */ = {
			isa = PBXGroup;
			children = (
				DEDF8D8E260A461500DCB03B /* Preview Assets.xcassets */,
			);
			path = "Preview Content";
			sourceTree = "<group>";
		};
/* End PBXGroup section */

/* Begin PBXNativeTarget section */
		DEDF8D83260A461200DCB03B /* LayoutAndGeometry */ = {
			isa = PBXNativeTarget;
			buildConfigurationList = DEDF8D93260A461500DCB03B /* Build configuration list for PBXNativeTarget "LayoutAndGeometry" */;
			buildPhases = (
				DEDF8D80260A461200DCB03B /* Sources */,
				DEDF8D81260A461200DCB03B /* Frameworks */,
				DEDF8D82260A461200DCB03B /* Resources */,
			);
			buildRules = (
			);
			dependencies = (
			);
			name = LayoutAndGeometry;
			productName = LayoutAndGeometry;
			productReference = DEDF8D84260A461200DCB03B /* LayoutAndGeometry.app */;
			productType = "com.apple.product-type.application";
		};
/* End PBXNativeTarget section */

/* Begin PBXProject section */
		DEDF8D7C260A461200DCB03B /* Project object */ = {
			isa = PBXProject;
			attributes = {
				LastSwiftUpdateCheck = 1240;
				LastUpgradeCheck = 1240;
				TargetAttributes = {
					DEDF8D83260A461200DCB03B = {
						CreatedOnToolsVersion = 12.4;
					};
				};
			};
			buildConfigurationList = DEDF8D7F260A461200DCB03B /* Build configuration list for PBXProject "LayoutAndGeometry" */;
			compatibilityVersion = "Xcode 9.3";
			developmentRegion = en;
			hasScannedForEncodings = 0;
			knownRegions = (
				en,
				Base,
			);
			mainGroup = DEDF8D7B260A461200DCB03B;
			productRefGroup = DEDF8D85260A461200DCB03B /* Products */;
			projectDirPath = "";
			projectRoot = "";
			targets = (
				DEDF8D83260A461200DCB03B /* LayoutAndGeometry */,
			);
		};
/* End PBXProject section */

/* Begin PBXResourcesBuildPhase section */
		DEDF8D82260A461200DCB03B /* Resources */ = {
			isa = PBXResourcesBuildPhase;
			buildActionMask = 2147483647;
			files = (
				DEDF8D8F260A461500DCB03B /* Preview Assets.xcassets in Resources */,
				DEDF8D8C260A461500DCB03B /* Assets.xcassets in Resources */,
			);
			runOnlyForDeploymentPostprocessing = 0;
		};
/* End PBXResourcesBuildPhase section */

/* Begin PBXSourcesBuildPhase section */
		DEDF8D80260A461200DCB03B /* Sources */ = {
			isa = PBXSourcesBuildPhase;
			buildActionMask = 2147483647;
			files = (
				DEDF8D8A260A461200DCB03B /* ContentView.swift in Sources */,
				DEDF8D88260A461200DCB03B /* LayoutAndGeometryApp.swift in Sources */,
			);
			runOnlyForDeploymentPostprocessing = 0;
		};
/* End PBXSourcesBuildPhase section */

/* Begin XCBuildConfiguration section */
		DEDF8D91260A461500DCB03B /* Debug */ = {
			isa = XCBuildConfiguration;
			buildSettings = {
				ALWAYS_SEARCH_USER_PATHS = NO;
				CLANG_ANALYZER_NONNULL = YES;
				CLANG_ANALYZER_NUMBER_OBJECT_CONVERSION = YES_AGGRESSIVE;
				CLANG_CXX_LANGUAGE_STANDARD = "gnu++14";
				CLANG_CXX_LIBRARY = "libc++";
				CLANG_ENABLE_MODULES = YES;
				CLANG_ENABLE_OBJC_ARC = YES;
				CLANG_ENABLE_OBJC_WEAK = YES;
				CLANG_WARN_BLOCK_CAPTURE_AUTORELEASING = YES;
				CLANG_WARN_BOOL_CONVERSION = YES;
				CLANG_WARN_COMMA = YES;
				CLANG_WARN_CONSTANT_CONVERSION = YES;
				CLANG_WARN_DEPRECATED_OBJC_IMPLEMENTATIONS = YES;
				CLANG_WARN_DIRECT_OBJC_ISA_USAGE = YES_ERROR;
				CLANG_WARN_DOCUMENTATION_COMMENTS = YES;
				CLANG_WARN_EMPTY_BODY = YES;
				CLANG_WARN_ENUM_CONVERSION = YES;
				CLANG_WARN_INFINITE_RECURSION = YES;
				CLANG_WARN_INT_CONVERSION = YES;
				CLANG_WARN_NON_LITERAL_NULL_CONVERSION = YES;
				CLANG_WARN_OBJC_IMPLICIT_RETAIN_SELF = YES;
				CLANG_WARN_OBJC_LITERAL_CONVERSION = YES;
				CLANG_WARN_OBJC_ROOT_CLASS = YES_ERROR;
				CLANG_WARN_QUOTED_INCLUDE_IN_FRAMEWORK_HEADER = YES;
				CLANG_WARN_RANGE_LOOP_ANALYSIS = YES;
				CLANG_WARN_STRICT_PROTOTYPES = YES;
				CLANG_WARN_SUSPICIOUS_MOVE = YES;
				CLANG_WARN_UNGUARDED_AVAILABILITY = YES_AGGRESSIVE;
				CLANG_WARN_UNREACHABLE_CODE = YES;
				CLANG_WARN__DUPLICATE_METHOD_MATCH = YES;
				COPY_PHASE_STRIP = NO;
				DEBUG_INFORMATION_FORMAT = dwarf;
				ENABLE_STRICT_OBJC_MSGSEND = YES;
				ENABLE_TESTABILITY = YES;
				GCC_C_LANGUAGE_STANDARD = gnu11;
				GCC_DYNAMIC_NO_PIC = NO;
				GCC_NO_COMMON_BLOCKS = YES;
				GCC_OPTIMIZATION_LEVEL = 0;
				GCC_PREPROCESSOR_DEFINITIONS = (
					"DEBUG=1",
					"$(inherited)",
				);
				GCC_WARN_64_TO_32_BIT_CONVERSION = YES;
				GCC_WARN_ABOUT_RETURN_TYPE = YES_ERROR;
				GCC_WARN_UNDECLARED_SELECTOR = YES;
				GCC_WARN_UNINITIALIZED_AUTOS = YES_AGGRESSIVE;
				GCC_WARN_UNUSED_FUNCTION = YES;
				GCC_WARN_UNUSED_VARIABLE = YES;
				IPHONEOS_DEPLOYMENT_TARGET = 14.4;
				MTL_ENABLE_DEBUG_INFO = INCLUDE_SOURCE;
				MTL_FAST_MATH = YES;
				ONLY_ACTIVE_ARCH = YES;
				SDKROOT = iphoneos;
				SWIFT_ACTIVE_COMPILATION_CONDITIONS = DEBUG;
				SWIFT_OPTIMIZATION_LEVEL = "-Onone";
			};
			name = Debug;
		};
		DEDF8D92260A461500DCB03B /* Release */ = {
			isa = XCBuildConfiguration;
			buildSettings = {
				ALWAYS_SEARCH_USER_PATHS = NO;
				CLANG_ANALYZER_NONNULL = YES;
				CLANG_ANALYZER_NUMBER_OBJECT_CONVERSION = YES_AGGRESSIVE;
				CLANG_CXX_LANGUAGE_STANDARD = "gnu++14";
				CLANG_CXX_LIBRARY = "libc++";
				CLANG_ENABLE_MODULES = YES;
				CLANG_ENABLE_OBJC_ARC = YES;
				CLANG_ENABLE_OBJC_WEAK = YES;
				CLANG_WARN_BLOCK_CAPTURE_AUTORELEASING = YES;
				CLANG_WARN_BOOL_CONVERSION = YES;
				CLANG_WARN_COMMA = YES;
				CLANG_WARN_CONSTANT_CONVERSION = YES;
				CLANG_WARN_DEPRECATED_OBJC_IMPLEMENTATIONS = YES;
				CLANG_WARN_DIRECT_OBJC_ISA_USAGE = YES_ERROR;
				CLANG_WARN_DOCUMENTATION_COMMENTS = YES;
				CLANG_WARN_EMPTY_BODY = YES;
				CLANG_WARN_ENUM_CONVERSION = YES;
				CLANG_WARN_INFINITE_RECURSION = YES;
				CLANG_WARN_INT_CONVERSION = YES;
				CLANG_WARN_NON_LITERAL_NULL_CONVERSION = YES;
				CLANG_WARN_OBJC_IMPLICIT_RETAIN_SELF = YES;
				CLANG_WARN_OBJC_LITERAL_CONVERSION = YES;
				CLANG_WARN_OBJC_ROOT_CLASS = YES_ERROR;
				CLANG_WARN_QUOTED_INCLUDE_IN_FRAMEWORK_HEADER = YES;
				CLANG_WARN_RANGE_LOOP_ANALYSIS = YES;
				CLANG_WARN_STRICT_PROTOTYPES = YES;
				CLANG_WARN_SUSPICIOUS_MOVE = YES;
				CLANG_WARN_UNGUARDED_AVAILABILITY = YES_AGGRESSIVE;
				CLANG_WARN_UNREACHABLE_CODE = YES;
				CLANG_WARN__DUPLICATE_METHOD_MATCH = YES;
				COPY_PHASE_STRIP = NO;
				DEBUG_INFORMATION_FORMAT = "dwarf-with-dsym";
				ENABLE_NS_ASSERTIONS = NO;
				ENABLE_STRICT_OBJC_MSGSEND = YES;
				GCC_C_LANGUAGE_STANDARD = gnu11;
				GCC_NO_COMMON_BLOCKS = YES;
				GCC_WARN_64_TO_32_BIT_CONVERSION = YES;
				GCC_WARN_ABOUT_RETURN_TYPE = YES_ERROR;
				GCC_WARN_UNDECLARED_SELECTOR = YES;
				GCC_WARN_UNINITIALIZED_AUTOS = YES_AGGRESSIVE;
				GCC_WARN_UNUSED_FUNCTION = YES;
				GCC_WARN_UNUSED_VARIABLE = YES;
				IPHONEOS_DEPLOYMENT_TARGET = 14.4;
				MTL_ENABLE_DEBUG_INFO = NO;
				MTL_FAST_MATH = YES;
				SDKROOT = iphoneos;
				SWIFT_COMPILATION_MODE = wholemodule;
				SWIFT_OPTIMIZATION_LEVEL = "-O";
				VALIDATE_PRODUCT = YES;
			};
			name = Release;
		};
		DEDF8D94260A461500DCB03B /* Debug */ = {
			isa = XCBuildConfiguration;
			buildSettings = {
				ASSETCATALOG_COMPILER_APPICON_NAME = AppIcon;
				ASSETCATALOG_COMPILER_GLOBAL_ACCENT_COLOR_NAME = AccentColor;
				CODE_SIGN_STYLE = Automatic;
				DEVELOPMENT_ASSET_PATHS = "\"LayoutAndGeometry/Preview Content\"";
				DEVELOPMENT_TEAM = 8Q989F6ZS5;
				ENABLE_PREVIEWS = YES;
				INFOPLIST_FILE = LayoutAndGeometry/Info.plist;
				IPHONEOS_DEPLOYMENT_TARGET = 14.0;
				LD_RUNPATH_SEARCH_PATHS = (
					"$(inherited)",
					"@executable_path/Frameworks",
				);
				PRODUCT_BUNDLE_IDENTIFIER = com.anthyou.LayoutAndGeometry;
				PRODUCT_NAME = "$(TARGET_NAME)";
				SWIFT_VERSION = 5.0;
				TARGETED_DEVICE_FAMILY = "1,2";
			};
			name = Debug;
		};
		DEDF8D95260A461500DCB03B /* Release */ = {
			isa = XCBuildConfiguration;
			buildSettings = {
				ASSETCATALOG_COMPILER_APPICON_NAME = AppIcon;
				ASSETCATALOG_COMPILER_GLOBAL_ACCENT_COLOR_NAME = AccentColor;
				CODE_SIGN_STYLE = Automatic;
				DEVELOPMENT_ASSET_PATHS = "\"LayoutAndGeometry/Preview Content\"";
				DEVELOPMENT_TEAM = 8Q989F6ZS5;
				ENABLE_PREVIEWS = YES;
				INFOPLIST_FILE = LayoutAndGeometry/Info.plist;
				IPHONEOS_DEPLOYMENT_TARGET = 14.0;
				LD_RUNPATH_SEARCH_PATHS = (
					"$(inherited)",
					"@executable_path/Frameworks",
				);
				PRODUCT_BUNDLE_IDENTIFIER = com.anthyou.LayoutAndGeometry;
				PRODUCT_NAME = "$(TARGET_NAME)";
				SWIFT_VERSION = 5.0;
				TARGETED_DEVICE_FAMILY = "1,2";
			};
			name = Release;
		};
/* End XCBuildConfiguration section */

/* Begin XCConfigurationList section */
		DEDF8D7F260A461200DCB03B /* Build configuration list for PBXProject "LayoutAndGeometry" */ = {
			isa = XCConfigurationList;
			buildConfigurations = (
				DEDF8D91260A461500DCB03B /* Debug */,
				DEDF8D92260A461500DCB03B /* Release */,
			);
			defaultConfigurationIsVisible = 0;
			defaultConfigurationName = Release;
		};
		DEDF8D93260A461500DCB03B /* Build configuration list for PBXNativeTarget "LayoutAndGeometry" */ = {
			isa = XCConfigurationList;
			buildConfigurations = (
				DEDF8D94260A461500DCB03B /* Debug */,
				DEDF8D95260A461500DCB03B /* Release */,
			);
			defaultConfigurationIsVisible = 0;
			defaultConfigurationName = Release;
		};
/* End XCConfigurationList section */
	};
	rootObject = DEDF8D7C260A461200DCB03B /* Project object */;
}
