// !$*UTF8*$!
{
	archiveVersion = 1;
	classes = {
	};
	objectVersion = 50;
	objects = {

/* Begin PBXBuildFile section */
		DE095A1A25FE78CD0020F7B8 /* RememberMeApp.swift in Sources */ = {isa = PBXBuildFile; fileRef = DE095A1925FE78CD0020F7B8 /* RememberMeApp.swift */; };
		DE095A1C25FE78CD0020F7B8 /* MainView.swift in Sources */ = {isa = PBXBuildFile; fileRef = DE095A1B25FE78CD0020F7B8 /* MainView.swift */; };
		DE095A1E25FE78CE0020F7B8 /* Assets.xcassets in Resources */ = {isa = PBXBuildFile; fileRef = DE095A1D25FE78CE0020F7B8 /* Assets.xcassets */; };
		DE095A2125FE78CE0020F7B8 /* Preview Assets.xcassets in Resources */ = {isa = PBXBuildFile; fileRef = DE095A2025FE78CE0020F7B8 /* Preview Assets.xcassets */; };
		DE095A2A25FE7AA10020F7B8 /* ImagePicker.swift in Sources */ = {isa = PBXBuildFile; fileRef = DE095A2925FE7AA10020F7B8 /* ImagePicker.swift */; };
		DE095A3325FE7D2C0020F7B8 /* User.swift in Sources */ = {isa = PBXBuildFile; fileRef = DE095A3225FE7D2C0020F7B8 /* User.swift */; };
		DE095A3625FE7D800020F7B8 /* UsersViewModel.swift in Sources */ = {isa = PBXBuildFile; fileRef = DE095A3525FE7D800020F7B8 /* UsersViewModel.swift */; };
		DE095A3A25FE7F190020F7B8 /* AddView.swift in Sources */ = {isa = PBXBuildFile; fileRef = DE095A3925FE7F190020F7B8 /* AddView.swift */; };
		DE35E90A25FFCF0A00635ECA /* FileManager+Ex.swift in Sources */ = {isa = PBXBuildFile; fileRef = DE35E90925FFCF0A00635ECA /* FileManager+Ex.swift */; };
		DE35E90D25FFE1DE00635ECA /* DetailView.swift in Sources */ = {isa = PBXBuildFile; fileRef = DE35E90C25FFE1DE00635ECA /* DetailView.swift */; };
		DE60D43A26024C5600DA75FC /* LocationFetcher.swift in Sources */ = {isa = PBXBuildFile; fileRef = DE60D43926024C5600DA75FC /* LocationFetcher.swift */; };
		DE60D43D26024C9600DA75FC /* MapView.swift in Sources */ = {isa = PBXBuildFile; fileRef = DE60D43C26024C9600DA75FC /* MapView.swift */; };
		DE60D4402602517900DA75FC /* MKPointAnnotation-Codable.swift in Sources */ = {isa = PBXBuildFile; fileRef = DE60D43F2602517900DA75FC /* MKPointAnnotation-Codable.swift */; };
		DE60D44326025C7C00DA75FC /* MKPointAnnotation+ObservableObject.swift in Sources */ = {isa = PBXBuildFile; fileRef = DE60D44226025C7C00DA75FC /* MKPointAnnotation+ObservableObject.swift */; };
/* End PBXBuildFile section */

/* Begin PBXFileReference section */
		DE095A1625FE78CD0020F7B8 /* RememberMe.app */ = {isa = PBXFileReference; explicitFileType = wrapper.application; includeInIndex = 0; path = RememberMe.app; sourceTree = BUILT_PRODUCTS_DIR; };
		DE095A1925FE78CD0020F7B8 /* RememberMeApp.swift */ = {isa = PBXFileReference; lastKnownFileType = sourcecode.swift; path = RememberMeApp.swift; sourceTree = "<group>"; };
		DE095A1B25FE78CD0020F7B8 /* MainView.swift */ = {isa = PBXFileReference; lastKnownFileType = sourcecode.swift; path = MainView.swift; sourceTree = "<group>"; };
		DE095A1D25FE78CE0020F7B8 /* Assets.xcassets */ = {isa = PBXFileReference; lastKnownFileType = folder.assetcatalog; path = Assets.xcassets; sourceTree = "<group>"; };
		DE095A2025FE78CE0020F7B8 /* Preview Assets.xcassets */ = {isa = PBXFileReference; lastKnownFileType = folder.assetcatalog; path = "Preview Assets.xcassets"; sourceTree = "<group>"; };
		DE095A2225FE78CE0020F7B8 /* Info.plist */ = {isa = PBXFileReference; lastKnownFileType = text.plist.xml; path = Info.plist; sourceTree = "<group>"; };
		DE095A2925FE7AA10020F7B8 /* ImagePicker.swift */ = {isa = PBXFileReference; lastKnownFileType = sourcecode.swift; path = ImagePicker.swift; sourceTree = "<group>"; };
		DE095A3225FE7D2C0020F7B8 /* User.swift */ = {isa = PBXFileReference; lastKnownFileType = sourcecode.swift; path = User.swift; sourceTree = "<group>"; };
		DE095A3525FE7D800020F7B8 /* UsersViewModel.swift */ = {isa = PBXFileReference; lastKnownFileType = sourcecode.swift; path = UsersViewModel.swift; sourceTree = "<group>"; };
		DE095A3925FE7F190020F7B8 /* AddView.swift */ = {isa = PBXFileReference; lastKnownFileType = sourcecode.swift; path = AddView.swift; sourceTree = "<group>"; };
		DE35E90925FFCF0A00635ECA /* FileManager+Ex.swift */ = {isa = PBXFileReference; lastKnownFileType = sourcecode.swift; path = "FileManager+Ex.swift"; sourceTree = "<group>"; };
		DE35E90C25FFE1DE00635ECA /* DetailView.swift */ = {isa = PBXFileReference; lastKnownFileType = sourcecode.swift; path = DetailView.swift; sourceTree = "<group>"; };
		DE60D43926024C5600DA75FC /* LocationFetcher.swift */ = {isa = PBXFileReference; lastKnownFileType = sourcecode.swift; path = LocationFetcher.swift; sourceTree = "<group>"; };
		DE60D43C26024C9600DA75FC /* MapView.swift */ = {isa = PBXFileReference; lastKnownFileType = sourcecode.swift; path = MapView.swift; sourceTree = "<group>"; };
		DE60D43F2602517900DA75FC /* MKPointAnnotation-Codable.swift */ = {isa = PBXFileReference; lastKnownFileType = sourcecode.swift; path = "MKPointAnnotation-Codable.swift"; sourceTree = "<group>"; };
		DE60D44226025C7C00DA75FC /* MKPointAnnotation+ObservableObject.swift */ = {isa = PBXFileReference; lastKnownFileType = sourcecode.swift; path = "MKPointAnnotation+ObservableObject.swift"; sourceTree = "<group>"; };
/* End PBXFileReference section */

/* Begin PBXFrameworksBuildPhase section */
		DE095A1325FE78CD0020F7B8 /* Frameworks */ = {
			isa = PBXFrameworksBuildPhase;
			buildActionMask = 2147483647;
			files = (
			);
			runOnlyForDeploymentPostprocessing = 0;
		};
/* End PBXFrameworksBuildPhase section */

/* Begin PBXGroup section */
		DE095A0D25FE78CD0020F7B8 = {
			isa = PBXGroup;
			children = (
				DE095A1825FE78CD0020F7B8 /* RememberMe */,
				DE095A1725FE78CD0020F7B8 /* Products */,
			);
			sourceTree = "<group>";
		};
		DE095A1725FE78CD0020F7B8 /* Products */ = {
			isa = PBXGroup;
			children = (
				DE095A1625FE78CD0020F7B8 /* RememberMe.app */,
			);
			name = Products;
			sourceTree = "<group>";
		};
		DE095A1825FE78CD0020F7B8 /* RememberMe */ = {
			isa = PBXGroup;
			children = (
				DE095A1925FE78CD0020F7B8 /* RememberMeApp.swift */,
				DE095A2C25FE7B480020F7B8 /* Models */,
				DE095A2D25FE7B4E0020F7B8 /* Views */,
				DE095A2E25FE7B590020F7B8 /* ViewModels */,
				DE095A2F25FE7B870020F7B8 /* Helpers */,
				DE095A1D25FE78CE0020F7B8 /* Assets.xcassets */,
				DE095A2225FE78CE0020F7B8 /* Info.plist */,
				DE095A1F25FE78CE0020F7B8 /* Preview Content */,
			);
			path = RememberMe;
			sourceTree = "<group>";
		};
		DE095A1F25FE78CE0020F7B8 /* Preview Content */ = {
			isa = PBXGroup;
			children = (
				DE095A2025FE78CE0020F7B8 /* Preview Assets.xcassets */,
			);
			path = "Preview Content";
			sourceTree = "<group>";
		};
		DE095A2C25FE7B480020F7B8 /* Models */ = {
			isa = PBXGroup;
			children = (
				DE095A3225FE7D2C0020F7B8 /* User.swift */,
			);
			path = Models;
			sourceTree = "<group>";
		};
		DE095A2D25FE7B4E0020F7B8 /* Views */ = {
			isa = PBXGroup;
			children = (
				DE095A1B25FE78CD0020F7B8 /* MainView.swift */,
				DE095A3925FE7F190020F7B8 /* AddView.swift */,
				DE35E90C25FFE1DE00635ECA /* DetailView.swift */,
			);
			path = Views;
			sourceTree = "<group>";
		};
		DE095A2E25FE7B590020F7B8 /* ViewModels */ = {
			isa = PBXGroup;
			children = (
				DE095A3525FE7D800020F7B8 /* UsersViewModel.swift */,
				DE60D43C26024C9600DA75FC /* MapView.swift */,
			);
			path = ViewModels;
			sourceTree = "<group>";
		};
		DE095A2F25FE7B870020F7B8 /* Helpers */ = {
			isa = PBXGroup;
			children = (
				DE095A2925FE7AA10020F7B8 /* ImagePicker.swift */,
				DE35E90925FFCF0A00635ECA /* FileManager+Ex.swift */,
				DE60D43926024C5600DA75FC /* LocationFetcher.swift */,
				DE60D43F2602517900DA75FC /* MKPointAnnotation-Codable.swift */,
				DE60D44226025C7C00DA75FC /* MKPointAnnotation+ObservableObject.swift */,
			);
			path = Helpers;
			sourceTree = "<group>";
		};
/* End PBXGroup section */

/* Begin PBXNativeTarget section */
		DE095A1525FE78CD0020F7B8 /* RememberMe */ = {
			isa = PBXNativeTarget;
			buildConfigurationList = DE095A2525FE78CE0020F7B8 /* Build configuration list for PBXNativeTarget "RememberMe" */;
			buildPhases = (
				DE095A1225FE78CD0020F7B8 /* Sources */,
				DE095A1325FE78CD0020F7B8 /* Frameworks */,
				DE095A1425FE78CD0020F7B8 /* Resources */,
			);
			buildRules = (
			);
			dependencies = (
			);
			name = RememberMe;
			productName = RememberMe;
			productReference = DE095A1625FE78CD0020F7B8 /* RememberMe.app */;
			productType = "com.apple.product-type.application";
		};
/* End PBXNativeTarget section */

/* Begin PBXProject section */
		DE095A0E25FE78CD0020F7B8 /* Project object */ = {
			isa = PBXProject;
			attributes = {
				LastSwiftUpdateCheck = 1240;
				LastUpgradeCheck = 1240;
				TargetAttributes = {
					DE095A1525FE78CD0020F7B8 = {
						CreatedOnToolsVersion = 12.4;
					};
				};
			};
			buildConfigurationList = DE095A1125FE78CD0020F7B8 /* Build configuration list for PBXProject "RememberMe" */;
			compatibilityVersion = "Xcode 9.3";
			developmentRegion = en;
			hasScannedForEncodings = 0;
			knownRegions = (
				en,
				Base,
			);
			mainGroup = DE095A0D25FE78CD0020F7B8;
			productRefGroup = DE095A1725FE78CD0020F7B8 /* Products */;
			projectDirPath = "";
			projectRoot = "";
			targets = (
				DE095A1525FE78CD0020F7B8 /* RememberMe */,
			);
		};
/* End PBXProject section */

/* Begin PBXResourcesBuildPhase section */
		DE095A1425FE78CD0020F7B8 /* Resources */ = {
			isa = PBXResourcesBuildPhase;
			buildActionMask = 2147483647;
			files = (
				DE095A2125FE78CE0020F7B8 /* Preview Assets.xcassets in Resources */,
				DE095A1E25FE78CE0020F7B8 /* Assets.xcassets in Resources */,
			);
			runOnlyForDeploymentPostprocessing = 0;
		};
/* End PBXResourcesBuildPhase section */

/* Begin PBXSourcesBuildPhase section */
		DE095A1225FE78CD0020F7B8 /* Sources */ = {
			isa = PBXSourcesBuildPhase;
			buildActionMask = 2147483647;
			files = (
				DE095A3325FE7D2C0020F7B8 /* User.swift in Sources */,
				DE35E90D25FFE1DE00635ECA /* DetailView.swift in Sources */,
				DE60D4402602517900DA75FC /* MKPointAnnotation-Codable.swift in Sources */,
				DE35E90A25FFCF0A00635ECA /* FileManager+Ex.swift in Sources */,
				DE095A2A25FE7AA10020F7B8 /* ImagePicker.swift in Sources */,
				DE095A3A25FE7F190020F7B8 /* AddView.swift in Sources */,
				DE095A1C25FE78CD0020F7B8 /* MainView.swift in Sources */,
				DE095A3625FE7D800020F7B8 /* UsersViewModel.swift in Sources */,
				DE60D43D26024C9600DA75FC /* MapView.swift in Sources */,
				DE095A1A25FE78CD0020F7B8 /* RememberMeApp.swift in Sources */,
				DE60D43A26024C5600DA75FC /* LocationFetcher.swift in Sources */,
				DE60D44326025C7C00DA75FC /* MKPointAnnotation+ObservableObject.swift in Sources */,
			);
			runOnlyForDeploymentPostprocessing = 0;
		};
/* End PBXSourcesBuildPhase section */

/* Begin XCBuildConfiguration section */
		DE095A2325FE78CE0020F7B8 /* Debug */ = {
			isa = XCBuildConfiguration;
			buildSettings = {
				ALWAYS_SEARCH_USER_PATHS = NO;
				CLANG_ANALYZER_NONNULL = YES;
				CLANG_ANALYZER_NUMBER_OBJECT_CONVERSION = YES_AGGRESSIVE;
				CLANG_CXX_LANGUAGE_STANDARD = "gnu++14";
				CLANG_CXX_LIBRARY = "libc++";
				CLANG_ENABLE_MODULES = YES;
				CLANG_ENABLE_OBJC_ARC = YES;
				CLANG_ENABLE_OBJC_WEAK = YES;
				CLANG_WARN_BLOCK_CAPTURE_AUTORELEASING = YES;
				CLANG_WARN_BOOL_CONVERSION = YES;
				CLANG_WARN_COMMA = YES;
				CLANG_WARN_CONSTANT_CONVERSION = YES;
				CLANG_WARN_DEPRECATED_OBJC_IMPLEMENTATIONS = YES;
				CLANG_WARN_DIRECT_OBJC_ISA_USAGE = YES_ERROR;
				CLANG_WARN_DOCUMENTATION_COMMENTS = YES;
				CLANG_WARN_EMPTY_BODY = YES;
				CLANG_WARN_ENUM_CONVERSION = YES;
				CLANG_WARN_INFINITE_RECURSION = YES;
				CLANG_WARN_INT_CONVERSION = YES;
				CLANG_WARN_NON_LITERAL_NULL_CONVERSION = YES;
				CLANG_WARN_OBJC_IMPLICIT_RETAIN_SELF = YES;
				CLANG_WARN_OBJC_LITERAL_CONVERSION = YES;
				CLANG_WARN_OBJC_ROOT_CLASS = YES_ERROR;
				CLANG_WARN_QUOTED_INCLUDE_IN_FRAMEWORK_HEADER = YES;
				CLANG_WARN_RANGE_LOOP_ANALYSIS = YES;
				CLANG_WARN_STRICT_PROTOTYPES = YES;
				CLANG_WARN_SUSPICIOUS_MOVE = YES;
				CLANG_WARN_UNGUARDED_AVAILABILITY = YES_AGGRESSIVE;
				CLANG_WARN_UNREACHABLE_CODE = YES;
				CLANG_WARN__DUPLICATE_METHOD_MATCH = YES;
				COPY_PHASE_STRIP = NO;
				DEBUG_INFORMATION_FORMAT = dwarf;
				ENABLE_STRICT_OBJC_MSGSEND = YES;
				ENABLE_TESTABILITY = YES;
				GCC_C_LANGUAGE_STANDARD = gnu11;
				GCC_DYNAMIC_NO_PIC = NO;
				GCC_NO_COMMON_BLOCKS = YES;
				GCC_OPTIMIZATION_LEVEL = 0;
				GCC_PREPROCESSOR_DEFINITIONS = (
					"DEBUG=1",
					"$(inherited)",
				);
				GCC_WARN_64_TO_32_BIT_CONVERSION = YES;
				GCC_WARN_ABOUT_RETURN_TYPE = YES_ERROR;
				GCC_WARN_UNDECLARED_SELECTOR = YES;
				GCC_WARN_UNINITIALIZED_AUTOS = YES_AGGRESSIVE;
				GCC_WARN_UNUSED_FUNCTION = YES;
				GCC_WARN_UNUSED_VARIABLE = YES;
				IPHONEOS_DEPLOYMENT_TARGET = 14.4;
				MTL_ENABLE_DEBUG_INFO = INCLUDE_SOURCE;
				MTL_FAST_MATH = YES;
				ONLY_ACTIVE_ARCH = YES;
				SDKROOT = iphoneos;
				SWIFT_ACTIVE_COMPILATION_CONDITIONS = DEBUG;
				SWIFT_OPTIMIZATION_LEVEL = "-Onone";
			};
			name = Debug;
		};
		DE095A2425FE78CE0020F7B8 /* Release */ = {
			isa = XCBuildConfiguration;
			buildSettings = {
				ALWAYS_SEARCH_USER_PATHS = NO;
				CLANG_ANALYZER_NONNULL = YES;
				CLANG_ANALYZER_NUMBER_OBJECT_CONVERSION = YES_AGGRESSIVE;
				CLANG_CXX_LANGUAGE_STANDARD = "gnu++14";
				CLANG_CXX_LIBRARY = "libc++";
				CLANG_ENABLE_MODULES = YES;
				CLANG_ENABLE_OBJC_ARC = YES;
				CLANG_ENABLE_OBJC_WEAK = YES;
				CLANG_WARN_BLOCK_CAPTURE_AUTORELEASING = YES;
				CLANG_WARN_BOOL_CONVERSION = YES;
				CLANG_WARN_COMMA = YES;
				CLANG_WARN_CONSTANT_CONVERSION = YES;
				CLANG_WARN_DEPRECATED_OBJC_IMPLEMENTATIONS = YES;
				CLANG_WARN_DIRECT_OBJC_ISA_USAGE = YES_ERROR;
				CLANG_WARN_DOCUMENTATION_COMMENTS = YES;
				CLANG_WARN_EMPTY_BODY = YES;
				CLANG_WARN_ENUM_CONVERSION = YES;
				CLANG_WARN_INFINITE_RECURSION = YES;
				CLANG_WARN_INT_CONVERSION = YES;
				CLANG_WARN_NON_LITERAL_NULL_CONVERSION = YES;
				CLANG_WARN_OBJC_IMPLICIT_RETAIN_SELF = YES;
				CLANG_WARN_OBJC_LITERAL_CONVERSION = YES;
				CLANG_WARN_OBJC_ROOT_CLASS = YES_ERROR;
				CLANG_WARN_QUOTED_INCLUDE_IN_FRAMEWORK_HEADER = YES;
				CLANG_WARN_RANGE_LOOP_ANALYSIS = YES;
				CLANG_WARN_STRICT_PROTOTYPES = YES;
				CLANG_WARN_SUSPICIOUS_MOVE = YES;
				CLANG_WARN_UNGUARDED_AVAILABILITY = YES_AGGRESSIVE;
				CLANG_WARN_UNREACHABLE_CODE = YES;
				CLANG_WARN__DUPLICATE_METHOD_MATCH = YES;
				COPY_PHASE_STRIP = NO;
				DEBUG_INFORMATION_FORMAT = "dwarf-with-dsym";
				ENABLE_NS_ASSERTIONS = NO;
				ENABLE_STRICT_OBJC_MSGSEND = YES;
				GCC_C_LANGUAGE_STANDARD = gnu11;
				GCC_NO_COMMON_BLOCKS = YES;
				GCC_WARN_64_TO_32_BIT_CONVERSION = YES;
				GCC_WARN_ABOUT_RETURN_TYPE = YES_ERROR;
				GCC_WARN_UNDECLARED_SELECTOR = YES;
				GCC_WARN_UNINITIALIZED_AUTOS = YES_AGGRESSIVE;
				GCC_WARN_UNUSED_FUNCTION = YES;
				GCC_WARN_UNUSED_VARIABLE = YES;
				IPHONEOS_DEPLOYMENT_TARGET = 14.4;
				MTL_ENABLE_DEBUG_INFO = NO;
				MTL_FAST_MATH = YES;
				SDKROOT = iphoneos;
				SWIFT_COMPILATION_MODE = wholemodule;
				SWIFT_OPTIMIZATION_LEVEL = "-O";
				VALIDATE_PRODUCT = YES;
			};
			name = Release;
		};
		DE095A2625FE78CE0020F7B8 /* Debug */ = {
			isa = XCBuildConfiguration;
			buildSettings = {
				ASSETCATALOG_COMPILER_APPICON_NAME = AppIcon;
				ASSETCATALOG_COMPILER_GLOBAL_ACCENT_COLOR_NAME = AccentColor;
				CODE_SIGN_STYLE = Automatic;
				DEVELOPMENT_ASSET_PATHS = "\"RememberMe/Preview Content\"";
				DEVELOPMENT_TEAM = 8Q989F6ZS5;
				ENABLE_PREVIEWS = YES;
				INFOPLIST_FILE = RememberMe/Info.plist;
				IPHONEOS_DEPLOYMENT_TARGET = 14.0;
				LD_RUNPATH_SEARCH_PATHS = (
					"$(inherited)",
					"@executable_path/Frameworks",
				);
				PRODUCT_BUNDLE_IDENTIFIER = com.anthyou.RememberMe;
				PRODUCT_NAME = "$(TARGET_NAME)";
				SWIFT_VERSION = 5.0;
				TARGETED_DEVICE_FAMILY = "1,2";
			};
			name = Debug;
		};
		DE095A2725FE78CE0020F7B8 /* Release */ = {
			isa = XCBuildConfiguration;
			buildSettings = {
				ASSETCATALOG_COMPILER_APPICON_NAME = AppIcon;
				ASSETCATALOG_COMPILER_GLOBAL_ACCENT_COLOR_NAME = AccentColor;
				CODE_SIGN_STYLE = Automatic;
				DEVELOPMENT_ASSET_PATHS = "\"RememberMe/Preview Content\"";
				DEVELOPMENT_TEAM = 8Q989F6ZS5;
				ENABLE_PREVIEWS = YES;
				INFOPLIST_FILE = RememberMe/Info.plist;
				IPHONEOS_DEPLOYMENT_TARGET = 14.0;
				LD_RUNPATH_SEARCH_PATHS = (
					"$(inherited)",
					"@executable_path/Frameworks",
				);
				PRODUCT_BUNDLE_IDENTIFIER = com.anthyou.RememberMe;
				PRODUCT_NAME = "$(TARGET_NAME)";
				SWIFT_VERSION = 5.0;
				TARGETED_DEVICE_FAMILY = "1,2";
			};
			name = Release;
		};
/* End XCBuildConfiguration section */

/* Begin XCConfigurationList section */
		DE095A1125FE78CD0020F7B8 /* Build configuration list for PBXProject "RememberMe" */ = {
			isa = XCConfigurationList;
			buildConfigurations = (
				DE095A2325FE78CE0020F7B8 /* Debug */,
				DE095A2425FE78CE0020F7B8 /* Release */,
			);
			defaultConfigurationIsVisible = 0;
			defaultConfigurationName = Release;
		};
		DE095A2525FE78CE0020F7B8 /* Build configuration list for PBXNativeTarget "RememberMe" */ = {
			isa = XCConfigurationList;
			buildConfigurations = (
				DE095A2625FE78CE0020F7B8 /* Debug */,
				DE095A2725FE78CE0020F7B8 /* Release */,
			);
			defaultConfigurationIsVisible = 0;
			defaultConfigurationName = Release;
		};
/* End XCConfigurationList section */
	};
	rootObject = DE095A0E25FE78CD0020F7B8 /* Project object */;
}
